
Microsoft Visual Studio Solution File, Format Version 12.00
# Visual Studio Version 16
VisualStudioVersion = 16.0.31424.327
MinimumVisualStudioVersion = 10.0.40219.1
Project("{FAE04EC0-301F-11D3-BF4B-00C04F79EFBC}") = "Day Single Sample", "Day Single Sample\Day Single Sample.csproj", "{19DBD55F-4CDB-4C2E-8681-90009031612A}"
EndProject
Global
	GlobalSection(SolutionConfigurationPlatforms) = preSolution
		Debug|Any CPU = Debug|Any CPU
		Release|Any CPU = Release|Any CPU
	EndGlobalSection
	GlobalSection(ProjectConfigurationPlatforms) = postSolution
		{19DBD55F-4CDB-4C2E-8681-90009031612A}.Debug|Any CPU.ActiveCfg = Debug|Any CPU
		{19DBD55F-4CDB-4C2E-8681-90009031612A}.Debug|Any CPU.Build.0 = Debug|Any CPU
		{19DBD55F-4CDB-4C2E-8681-90009031612A}.Release|Any CPU.ActiveCfg = Release|Any CPU
		{19DBD55F-4CDB-4C2E-8681-90009031612A}.Release|Any CPU.Build.0 = Release|Any CPU
	EndGlobalSection
	GlobalSection(SolutionProperties) = preSolution
		HideSolutionNode = FALSE
	EndGlobalSection
	GlobalSection(ExtensibilityGlobals) = postSolution
		SolutionGuid = {AD6C0AF7-1A27-4864-B28D-5C4474BE42A9}
	EndGlobalSection
EndGlobal
